
Microsoft Visual Studio Solution File, Format Version 12.00
# Visual Studio 15
VisualStudioVersion = 15.0.27428.2011
MinimumVisualStudioVersion = 10.0.40219.1
Project("{FAE04EC0-301F-11D3-BF4B-00C04F79EFBC}") = "PixelShip", "PixelShip\PixelShip.csproj", "{C757FC72-E47A-4240-86C0-9FF2B389E80B}"
EndProject
Global
	GlobalSection(SolutionConfigurationPlatforms) = preSolution
		Debug|Any CPU = Debug|Any CPU
		Release|Any CPU = Release|Any CPU
	EndGlobalSection
	GlobalSection(ProjectConfigurationPlatforms) = postSolution
		{C757FC72-E47A-4240-86C0-9FF2B389E80B}.Debug|Any CPU.ActiveCfg = Debug|Any CPU
		{C757FC72-E47A-4240-86C0-9FF2B389E80B}.Debug|Any CPU.Build.0 = Debug|Any CPU
		{C757FC72-E47A-4240-86C0-9FF2B389E80B}.Release|Any CPU.ActiveCfg = Release|Any CPU
		{C757FC72-E47A-4240-86C0-9FF2B389E80B}.Release|Any CPU.Build.0 = Release|Any CPU
	EndGlobalSection
	GlobalSection(SolutionProperties) = preSolution
		HideSolutionNode = FALSE
	EndGlobalSection
	GlobalSection(ExtensibilityGlobals) = postSolution
		SolutionGuid = {567D4089-7FD2-48B6-90CB-6CA63B9AB175}
	EndGlobalSection
EndGlobal
